# @generated - this file is auto-generated by `mise lock` https://mise.jdx.dev/dev-tools/mise-lock.html

lockfile_version = 2

[[tools."github:kjanat/actionlint"]]
version = "1.13.0"
backend = "github:kjanat/actionlint"
specifiers = ["1.13.0"]

[tools."github:kjanat/actionlint"."platforms.linux-arm64"]
checksum = "sha256:66fc4e30c73f7300e76fcc7fa31d06f83d69985eeabc0e6817e5b0eccfcaee25"
url = "https://github.com/kjanat/actionlint/releases/download/v1.13.0/actionlint_1.13.0_linux_arm64.tar.gz"
url_api = "https://api.github.com/repos/kjanat/actionlint/releases/assets/534417114"
provenance = "github-attestations"

[tools."github:kjanat/actionlint"."platforms.linux-arm64-musl"]
checksum = "sha256:66fc4e30c73f7300e76fcc7fa31d06f83d69985eeabc0e6817e5b0eccfcaee25"
url = "https://github.com/kjanat/actionlint/releases/download/v1.13.0/actionlint_1.13.0_linux_arm64.tar.gz"
url_api = "https://api.github.com/repos/kjanat/actionlint/releases/assets/534417114"
provenance = "github-attestations"

[tools."github:kjanat/actionlint"."platforms.linux-x64"]
checksum = "sha256:e4106b4c56be58223ce4b68f97a272ae49483ef306c38b5837cefd5616a2c791"
url = "https://github.com/kjanat/actionlint/releases/download/v1.13.0/actionlint_1.13.0_linux_amd64.tar.gz"
url_api = "https://api.github.com/repos/kjanat/actionlint/releases/assets/534417115"
provenance = "github-attestations"

[tools."github:kjanat/actionlint"."platforms.linux-x64-musl"]
checksum = "sha256:e4106b4c56be58223ce4b68f97a272ae49483ef306c38b5837cefd5616a2c791"
url = "https://github.com/kjanat/actionlint/releases/download/v1.13.0/actionlint_1.13.0_linux_amd64.tar.gz"
url_api = "https://api.github.com/repos/kjanat/actionlint/releases/assets/534417115"
provenance = "github-attestations"

[tools."github:kjanat/actionlint"."platforms.macos-arm64"]
checksum = "sha256:5800c16968b636ec37f8f03e8c5d630fd1b5ab2fc7043987cb6dd6b03277c37d"
url = "https://github.com/kjanat/actionlint/releases/download/v1.13.0/actionlint_1.13.0_darwin_arm64.tar.gz"
url_api = "https://api.github.com/repos/kjanat/actionlint/releases/assets/534417117"
provenance = "github-attestations"

[tools."github:kjanat/actionlint"."platforms.macos-x64"]
checksum = "sha256:9ff536ffdccd35a878f568dab0daad0464b85d6bce9b82970104c2697ab3ea02"
url = "https://github.com/kjanat/actionlint/releases/download/v1.13.0/actionlint_1.13.0_darwin_amd64.tar.gz"
url_api = "https://api.github.com/repos/kjanat/actionlint/releases/assets/534417101"
provenance = "github-attestations"

[tools."github:kjanat/actionlint"."platforms.windows-x64"]
checksum = "sha256:3338dfe4e1ba5d9b1230f5efd2d7e08c3393de9537b575fb011739efd011aa17"
url = "https://github.com/kjanat/actionlint/releases/download/v1.13.0/actionlint_1.13.0_windows_amd64.zip"
url_api = "https://api.github.com/repos/kjanat/actionlint/releases/assets/534417128"
provenance = "github-attestations"

[[tools.java]]
version = "27.0.0"
backend = "core:java"
specifiers = ["27.0.0"]

[tools.java.options]
shorthand_vendor = "openjdk"

[tools.java."platforms.linux-arm64"]
checksum = "sha256:da4e9dde1fff90204739e969187bab4751bd59a2a1c479672e1a1810f7dd23ea"
url = "https://download.java.net/java/GA/jdk27/55ce5470a6294008af0057ff4626d0e5/35/GPL/openjdk-27_linux-aarch64_bin.tar.gz"

[tools.java."platforms.linux-x64"]
checksum = "sha256:95fc37eb3a18a27a26d5904c2d89d52bace8dafa9a078ca27f4747fbc4bf070b"
url = "https://download.java.net/java/GA/jdk27/55ce5470a6294008af0057ff4626d0e5/35/GPL/openjdk-27_linux-x64_bin.tar.gz"

[tools.java."platforms.macos-arm64"]
checksum = "sha256:ff42134c1bc5ac81c5a91a95fd4df87479db5d0499ba875d6adb5bda5626c3e8"
url = "https://download.java.net/java/GA/jdk27/55ce5470a6294008af0057ff4626d0e5/35/GPL/openjdk-27_macos-aarch64_bin.tar.gz"

[tools.java."platforms.windows-x64"]
checksum = "sha256:41172837168dd25a8d9fe5eb253ac1efc568c5f9ff608144bcacadfdf50f876c"
url = "https://download.java.net/java/GA/jdk27/55ce5470a6294008af0057ff4626d0e5/35/GPL/openjdk-27_windows-x64_bin.zip"

[[tools.node]]
version = "26.7.0"
backend = "core:node"
specifiers = ["26.7.0"]

[tools.node."platforms.linux-arm64"]
checksum = "sha256:925aa6157dd37542d0d7f2e28b7bf61e7b39284411210b0498bc3788db4aef68"
url = "https://nodejs.org/dist/v26.7.0/node-v26.7.0-linux-arm64.tar.gz"

[tools.node."platforms.linux-arm64-musl"]
checksum = "sha256:e650560ab1ecec0eb5845b43b87d6024c87b4e143c3e044cbb607cc135dbaadb"
url = "https://unofficial-builds.nodejs.org/download/release/v26.7.0/node-v26.7.0-linux-arm64-musl.tar.gz"

[tools.node."platforms.linux-x64"]
checksum = "sha256:bd6b6c31e377bad9ad579bed72e5bc11f4c879ac9452ad51d30e646ea3d828df"
url = "https://nodejs.org/dist/v26.7.0/node-v26.7.0-linux-x64.tar.gz"

[tools.node."platforms.linux-x64-musl"]
checksum = "sha256:84fc4e29e5f86022a40bac50a28a1b9275dd1f32eebbf4db499e2573ff822124"
url = "https://unofficial-builds.nodejs.org/download/release/v26.7.0/node-v26.7.0-linux-x64-musl.tar.gz"

[tools.node."platforms.macos-arm64"]
checksum = "sha256:7ee659a7768e641bbfd5360940660b8e8fd0052f77488f365562bac522fc15d4"
url = "https://nodejs.org/dist/v26.7.0/node-v26.7.0-darwin-arm64.tar.gz"

[tools.node."platforms.macos-x64"]
checksum = "sha256:f279d1ed28ce57f7788bf23435d2ad7fdd7438904ad5c4d8a1081a7cde3d4b96"
url = "https://nodejs.org/dist/v26.7.0/node-v26.7.0-darwin-x64.tar.gz"

[tools.node."platforms.windows-x64"]
checksum = "sha256:d3bd72755141ed32bbcd841228ee81897c8a98d50dfa7dae2179399a0a7c90f8"
url = "https://nodejs.org/dist/v26.7.0/node-v26.7.0-win-x64.zip"

[[tools."npm:actions-up"]]
version = "1.18.0"
aube = { path = ".mise/locks/npm-actions-up/1.18.0", digest = "sha256:de7dfc982e78b4c8f7d2ec602437fae24e3d10525440adc60fa6100d8d313424" }
backend = "npm:actions-up"
specifiers = ["1.18.0"]

[[tools.rust]]
version = "1.97.1"
backend = "core:rust"
specifiers = ["1.97.1"]
