# @generated - this file is auto-generated by `mise lock` https://mise.jdx.dev/dev-tools/mise-lock.html

lockfile_version = 2

[[tools."github:kjanat/actionlint"]]
version = "1.13.0"
backend = "github:kjanat/actionlint"
specifiers = ["1.13.0"]

[tools."github:kjanat/actionlint"."platforms.linux-arm64"]
checksum = "sha256:66fc4e30c73f7300e76fcc7fa31d06f83d69985eeabc0e6817e5b0eccfcaee25"
url = "https://github.com/kjanat/actionlint/releases/download/v1.13.0/actionlint_1.13.0_linux_arm64.tar.gz"
url_api = "https://api.github.com/repos/kjanat/actionlint/releases/assets/534417114"
provenance = "github-attestations"

[tools."github:kjanat/actionlint"."platforms.linux-arm64-musl"]
checksum = "sha256:66fc4e30c73f7300e76fcc7fa31d06f83d69985eeabc0e6817e5b0eccfcaee25"
url = "https://github.com/kjanat/actionlint/releases/download/v1.13.0/actionlint_1.13.0_linux_arm64.tar.gz"
url_api = "https://api.github.com/repos/kjanat/actionlint/releases/assets/534417114"
provenance = "github-attestations"

[tools."github:kjanat/actionlint"."platforms.linux-x64"]
checksum = "sha256:e4106b4c56be58223ce4b68f97a272ae49483ef306c38b5837cefd5616a2c791"
url = "https://github.com/kjanat/actionlint/releases/download/v1.13.0/actionlint_1.13.0_linux_amd64.tar.gz"
url_api = "https://api.github.com/repos/kjanat/actionlint/releases/assets/534417115"
provenance = "github-attestations"

[tools."github:kjanat/actionlint"."platforms.linux-x64-musl"]
checksum = "sha256:e4106b4c56be58223ce4b68f97a272ae49483ef306c38b5837cefd5616a2c791"
url = "https://github.com/kjanat/actionlint/releases/download/v1.13.0/actionlint_1.13.0_linux_amd64.tar.gz"
url_api = "https://api.github.com/repos/kjanat/actionlint/releases/assets/534417115"
provenance = "github-attestations"

[tools."github:kjanat/actionlint"."platforms.macos-arm64"]
checksum = "sha256:5800c16968b636ec37f8f03e8c5d630fd1b5ab2fc7043987cb6dd6b03277c37d"
url = "https://github.com/kjanat/actionlint/releases/download/v1.13.0/actionlint_1.13.0_darwin_arm64.tar.gz"
url_api = "https://api.github.com/repos/kjanat/actionlint/releases/assets/534417117"
provenance = "github-attestations"

[tools."github:kjanat/actionlint"."platforms.macos-x64"]
checksum = "sha256:9ff536ffdccd35a878f568dab0daad0464b85d6bce9b82970104c2697ab3ea02"
url = "https://github.com/kjanat/actionlint/releases/download/v1.13.0/actionlint_1.13.0_darwin_amd64.tar.gz"
url_api = "https://api.github.com/repos/kjanat/actionlint/releases/assets/534417101"
provenance = "github-attestations"

[tools."github:kjanat/actionlint"."platforms.windows-x64"]
checksum = "sha256:3338dfe4e1ba5d9b1230f5efd2d7e08c3393de9537b575fb011739efd011aa17"
url = "https://github.com/kjanat/actionlint/releases/download/v1.13.0/actionlint_1.13.0_windows_amd64.zip"
url_api = "https://api.github.com/repos/kjanat/actionlint/releases/assets/534417128"
provenance = "github-attestations"

[[tools.java]]
version = "temurin-21.0.12+101.0.LTS"
backend = "core:java"
specifiers = ["temurin-21.0.12+101.0.LTS"]

[tools.java."platforms.linux-arm64"]
checksum = "sha256:23e37e026f12f3e706f18938ff611db3032d075b09d0879a25d06718c773e223"
url = "https://github.com/adoptium/temurin21-binaries/releases/download/jdk-21.0.12.1%2B1/OpenJDK21U-jdk_aarch64_linux_hotspot_21.0.12.1_1.tar.gz"

[tools.java."platforms.linux-arm64-musl"]
checksum = "sha256:8242627927adc90ac2561d0812dd39890ebc21ef09b550bc2e8b93640b8af4f8"
url = "https://github.com/adoptium/temurin21-binaries/releases/download/jdk-21.0.12.1%2B1/OpenJDK21U-jdk_aarch64_alpine-linux_hotspot_21.0.12.1_1.tar.gz"

[tools.java."platforms.linux-x64"]
checksum = "sha256:ce79869e1307ed8ee1e2baa86a412b1eb5b75d10a01006d788a6f968bcfaee94"
url = "https://github.com/adoptium/temurin21-binaries/releases/download/jdk-21.0.12.1%2B1/OpenJDK21U-jdk_x64_linux_hotspot_21.0.12.1_1.tar.gz"

[tools.java."platforms.linux-x64-musl"]
checksum = "sha256:bd8824214e42b33333c7f55a039ea078ad6ea6be20d7c5b011c801fb2bdb44f0"
url = "https://github.com/adoptium/temurin21-binaries/releases/download/jdk-21.0.12.1%2B1/OpenJDK21U-jdk_x64_alpine-linux_hotspot_21.0.12.1_1.tar.gz"

[tools.java."platforms.macos-arm64"]
checksum = "sha256:3623232f33a9c3baadf304480b2535f9a3cba8a58d42ecbb438ba267315d9998"
url = "https://github.com/adoptium/temurin21-binaries/releases/download/jdk-21.0.12.1%2B1/OpenJDK21U-jdk_aarch64_mac_hotspot_21.0.12.1_1.tar.gz"

[tools.java."platforms.macos-x64"]
checksum = "sha256:44db0f08196daf19a47f90d13388b0c943b67663cb537f998fe29e836fa842ce"
url = "https://github.com/adoptium/temurin21-binaries/releases/download/jdk-21.0.12.1%2B1/OpenJDK21U-jdk_x64_mac_hotspot_21.0.12.1_1.tar.gz"

[tools.java."platforms.windows-x64"]
checksum = "sha256:f9d6e191ab098c0d416e7d588a24420a8621cd2f4720dab2459b8b7b2d2d8b4e"
url = "https://github.com/adoptium/temurin21-binaries/releases/download/jdk-21.0.12.1%2B1/OpenJDK21U-jdk_x64_windows_hotspot_21.0.12.1_1.zip"

[[tools.maven]]
version = "3.10.0"
backend = "aqua:apache/maven"
specifiers = ["3.10.0"]

[tools.maven."platforms.linux-arm64"]
checksum = "sha512:908b1501bfb420bf7c8affb855534a9c407fd6099367bfb9f2f2dcb8e9799102bffb84518cde74c679bd76870247c6528683abdd620581bffa90f95d92d175aa"
url = "https://archive.apache.org/dist/maven/maven-3/3.10.0/binaries/apache-maven-3.10.0-bin.tar.gz"

[tools.maven."platforms.linux-arm64-musl"]
checksum = "sha512:908b1501bfb420bf7c8affb855534a9c407fd6099367bfb9f2f2dcb8e9799102bffb84518cde74c679bd76870247c6528683abdd620581bffa90f95d92d175aa"
url = "https://archive.apache.org/dist/maven/maven-3/3.10.0/binaries/apache-maven-3.10.0-bin.tar.gz"

[tools.maven."platforms.linux-x64"]
checksum = "sha512:908b1501bfb420bf7c8affb855534a9c407fd6099367bfb9f2f2dcb8e9799102bffb84518cde74c679bd76870247c6528683abdd620581bffa90f95d92d175aa"
url = "https://archive.apache.org/dist/maven/maven-3/3.10.0/binaries/apache-maven-3.10.0-bin.tar.gz"

[tools.maven."platforms.linux-x64-musl"]
checksum = "sha512:908b1501bfb420bf7c8affb855534a9c407fd6099367bfb9f2f2dcb8e9799102bffb84518cde74c679bd76870247c6528683abdd620581bffa90f95d92d175aa"
url = "https://archive.apache.org/dist/maven/maven-3/3.10.0/binaries/apache-maven-3.10.0-bin.tar.gz"

[tools.maven."platforms.macos-arm64"]
checksum = "sha512:908b1501bfb420bf7c8affb855534a9c407fd6099367bfb9f2f2dcb8e9799102bffb84518cde74c679bd76870247c6528683abdd620581bffa90f95d92d175aa"
url = "https://archive.apache.org/dist/maven/maven-3/3.10.0/binaries/apache-maven-3.10.0-bin.tar.gz"

[tools.maven."platforms.macos-x64"]
checksum = "sha512:908b1501bfb420bf7c8affb855534a9c407fd6099367bfb9f2f2dcb8e9799102bffb84518cde74c679bd76870247c6528683abdd620581bffa90f95d92d175aa"
url = "https://archive.apache.org/dist/maven/maven-3/3.10.0/binaries/apache-maven-3.10.0-bin.tar.gz"

[tools.maven."platforms.windows-x64"]
checksum = "sha512:908b1501bfb420bf7c8affb855534a9c407fd6099367bfb9f2f2dcb8e9799102bffb84518cde74c679bd76870247c6528683abdd620581bffa90f95d92d175aa"
url = "https://archive.apache.org/dist/maven/maven-3/3.10.0/binaries/apache-maven-3.10.0-bin.tar.gz"

[[tools.node]]
version = "26.7.0"
backend = "core:node"
specifiers = ["26.7.0"]

[tools.node."platforms.linux-arm64"]
checksum = "sha256:925aa6157dd37542d0d7f2e28b7bf61e7b39284411210b0498bc3788db4aef68"
url = "https://nodejs.org/dist/v26.7.0/node-v26.7.0-linux-arm64.tar.gz"

[tools.node."platforms.linux-arm64-musl"]
checksum = "sha256:e650560ab1ecec0eb5845b43b87d6024c87b4e143c3e044cbb607cc135dbaadb"
url = "https://unofficial-builds.nodejs.org/download/release/v26.7.0/node-v26.7.0-linux-arm64-musl.tar.gz"

[tools.node."platforms.linux-x64"]
checksum = "sha256:bd6b6c31e377bad9ad579bed72e5bc11f4c879ac9452ad51d30e646ea3d828df"
url = "https://nodejs.org/dist/v26.7.0/node-v26.7.0-linux-x64.tar.gz"

[tools.node."platforms.linux-x64-musl"]
checksum = "sha256:84fc4e29e5f86022a40bac50a28a1b9275dd1f32eebbf4db499e2573ff822124"
url = "https://unofficial-builds.nodejs.org/download/release/v26.7.0/node-v26.7.0-linux-x64-musl.tar.gz"

[tools.node."platforms.macos-arm64"]
checksum = "sha256:7ee659a7768e641bbfd5360940660b8e8fd0052f77488f365562bac522fc15d4"
url = "https://nodejs.org/dist/v26.7.0/node-v26.7.0-darwin-arm64.tar.gz"

[tools.node."platforms.macos-x64"]
checksum = "sha256:f279d1ed28ce57f7788bf23435d2ad7fdd7438904ad5c4d8a1081a7cde3d4b96"
url = "https://nodejs.org/dist/v26.7.0/node-v26.7.0-darwin-x64.tar.gz"

[tools.node."platforms.windows-x64"]
checksum = "sha256:d3bd72755141ed32bbcd841228ee81897c8a98d50dfa7dae2179399a0a7c90f8"
url = "https://nodejs.org/dist/v26.7.0/node-v26.7.0-win-x64.zip"

[[tools."npm:actions-up"]]
version = "1.18.0"
aube = { path = ".mise/locks/npm-actions-up/1.18.0", digest = "sha256:de7dfc982e78b4c8f7d2ec602437fae24e3d10525440adc60fa6100d8d313424" }
backend = "npm:actions-up"
specifiers = ["1.18.0"]

[[tools.rust]]
version = "1.97.1"
backend = "core:rust"
specifiers = ["1.97.1"]
